// !$*UTF8*$!
{
	archiveVersion = 1;
	classes = {
	};
	objectVersion = 50;
	objects = {

/* Begin PBXBuildFile section */
		85EBCD442311CC3F00DD5A5F /* AppDelegate.swift in Sources */ = {isa = PBXBuildFile; fileRef = 85EBCD432311CC3F00DD5A5F /* AppDelegate.swift */; };
		85EBCD462311CC3F00DD5A5F /* ViewController.swift in Sources */ = {isa = PBXBuildFile; fileRef = 85EBCD452311CC3F00DD5A5F /* ViewController.swift */; };
		85EBCD4B2311CC4100DD5A5F /* Assets.xcassets in Resources */ = {isa = PBXBuildFile; fileRef = 85EBCD4A2311CC4100DD5A5F /* Assets.xcassets */; };
		85EBCD4E2311CC4100DD5A5F /* LaunchScreen.storyboard in Resources */ = {isa = PBXBuildFile; fileRef = 85EBCD4C2311CC4100DD5A5F /* LaunchScreen.storyboard */; };
		85EBCD592311CC4100DD5A5F /* Pursuit_App_StoreTests.swift in Sources */ = {isa = PBXBuildFile; fileRef = 85EBCD582311CC4100DD5A5F /* Pursuit_App_StoreTests.swift */; };
		85EBCD642311CC4100DD5A5F /* Pursuit_App_StoreUITests.swift in Sources */ = {isa = PBXBuildFile; fileRef = 85EBCD632311CC4100DD5A5F /* Pursuit_App_StoreUITests.swift */; };
		85EBCD722311CC7600DD5A5F /* loginView.swift in Sources */ = {isa = PBXBuildFile; fileRef = 85EBCD712311CC7600DD5A5F /* loginView.swift */; };
/* End PBXBuildFile section */

/* Begin PBXContainerItemProxy section */
		85EBCD552311CC4100DD5A5F /* PBXContainerItemProxy */ = {
			isa = PBXContainerItemProxy;
			containerPortal = 85EBCD382311CC3F00DD5A5F /* Project object */;
			proxyType = 1;
			remoteGlobalIDString = 85EBCD3F2311CC3F00DD5A5F;
			remoteInfo = "Pursuit App Store";
		};
		85EBCD602311CC4100DD5A5F /* PBXContainerItemProxy */ = {
			isa = PBXContainerItemProxy;
			containerPortal = 85EBCD382311CC3F00DD5A5F /* Project object */;
			proxyType = 1;
			remoteGlobalIDString = 85EBCD3F2311CC3F00DD5A5F;
			remoteInfo = "Pursuit App Store";
		};
/* End PBXContainerItemProxy section */

/* Begin PBXFileReference section */
		85EBCD402311CC3F00DD5A5F /* Pursuit App Store.app */ = {isa = PBXFileReference; explicitFileType = wrapper.application; includeInIndex = 0; path = "Pursuit App Store.app"; sourceTree = BUILT_PRODUCTS_DIR; };
		85EBCD432311CC3F00DD5A5F /* AppDelegate.swift */ = {isa = PBXFileReference; lastKnownFileType = sourcecode.swift; path = AppDelegate.swift; sourceTree = "<group>"; };
		85EBCD452311CC3F00DD5A5F /* ViewController.swift */ = {isa = PBXFileReference; lastKnownFileType = sourcecode.swift; path = ViewController.swift; sourceTree = "<group>"; };
		85EBCD4A2311CC4100DD5A5F /* Assets.xcassets */ = {isa = PBXFileReference; lastKnownFileType = folder.assetcatalog; path = Assets.xcassets; sourceTree = "<group>"; };
		85EBCD4D2311CC4100DD5A5F /* Base */ = {isa = PBXFileReference; lastKnownFileType = file.storyboard; name = Base; path = Base.lproj/LaunchScreen.storyboard; sourceTree = "<group>"; };
		85EBCD4F2311CC4100DD5A5F /* Info.plist */ = {isa = PBXFileReference; lastKnownFileType = text.plist.xml; path = Info.plist; sourceTree = "<group>"; };
		85EBCD542311CC4100DD5A5F /* Pursuit App StoreTests.xctest */ = {isa = PBXFileReference; explicitFileType = wrapper.cfbundle; includeInIndex = 0; path = "Pursuit App StoreTests.xctest"; sourceTree = BUILT_PRODUCTS_DIR; };
		85EBCD582311CC4100DD5A5F /* Pursuit_App_StoreTests.swift */ = {isa = PBXFileReference; lastKnownFileType = sourcecode.swift; path = Pursuit_App_StoreTests.swift; sourceTree = "<group>"; };
		85EBCD5A2311CC4100DD5A5F /* Info.plist */ = {isa = PBXFileReference; lastKnownFileType = text.plist.xml; path = Info.plist; sourceTree = "<group>"; };
		85EBCD5F2311CC4100DD5A5F /* Pursuit App StoreUITests.xctest */ = {isa = PBXFileReference; explicitFileType = wrapper.cfbundle; includeInIndex = 0; path = "Pursuit App StoreUITests.xctest"; sourceTree = BUILT_PRODUCTS_DIR; };
		85EBCD632311CC4100DD5A5F /* Pursuit_App_StoreUITests.swift */ = {isa = PBXFileReference; lastKnownFileType = sourcecode.swift; path = Pursuit_App_StoreUITests.swift; sourceTree = "<group>"; };
		85EBCD652311CC4100DD5A5F /* Info.plist */ = {isa = PBXFileReference; lastKnownFileType = text.plist.xml; path = Info.plist; sourceTree = "<group>"; };
		85EBCD712311CC7600DD5A5F /* loginView.swift */ = {isa = PBXFileReference; lastKnownFileType = sourcecode.swift; path = loginView.swift; sourceTree = "<group>"; };
/* End PBXFileReference section */

/* Begin PBXFrameworksBuildPhase section */
		85EBCD3D2311CC3F00DD5A5F /* Frameworks */ = {
			isa = PBXFrameworksBuildPhase;
			buildActionMask = 2147483647;
			files = (
			);
			runOnlyForDeploymentPostprocessing = 0;
		};
		85EBCD512311CC4100DD5A5F /* Frameworks */ = {
			isa = PBXFrameworksBuildPhase;
			buildActionMask = 2147483647;
			files = (
			);
			runOnlyForDeploymentPostprocessing = 0;
		};
		85EBCD5C2311CC4100DD5A5F /* Frameworks */ = {
			isa = PBXFrameworksBuildPhase;
			buildActionMask = 2147483647;
			files = (
			);
			runOnlyForDeploymentPostprocessing = 0;
		};
/* End PBXFrameworksBuildPhase section */

/* Begin PBXGroup section */
		85EBCD372311CC3F00DD5A5F = {
			isa = PBXGroup;
			children = (
				85EBCD422311CC3F00DD5A5F /* Pursuit App Store */,
				85EBCD572311CC4100DD5A5F /* Pursuit App StoreTests */,
				85EBCD622311CC4100DD5A5F /* Pursuit App StoreUITests */,
				85EBCD412311CC3F00DD5A5F /* Products */,
			);
			sourceTree = "<group>";
		};
		85EBCD412311CC3F00DD5A5F /* Products */ = {
			isa = PBXGroup;
			children = (
				85EBCD402311CC3F00DD5A5F /* Pursuit App Store.app */,
				85EBCD542311CC4100DD5A5F /* Pursuit App StoreTests.xctest */,
				85EBCD5F2311CC4100DD5A5F /* Pursuit App StoreUITests.xctest */,
			);
			name = Products;
			sourceTree = "<group>";
		};
		85EBCD422311CC3F00DD5A5F /* Pursuit App Store */ = {
			isa = PBXGroup;
			children = (
				85EBCD432311CC3F00DD5A5F /* AppDelegate.swift */,
				85EBCD712311CC7600DD5A5F /* loginView.swift */,
				85EBCD452311CC3F00DD5A5F /* ViewController.swift */,
				85EBCD4A2311CC4100DD5A5F /* Assets.xcassets */,
				85EBCD4C2311CC4100DD5A5F /* LaunchScreen.storyboard */,
				85EBCD4F2311CC4100DD5A5F /* Info.plist */,
			);
			path = "Pursuit App Store";
			sourceTree = "<group>";
		};
		85EBCD572311CC4100DD5A5F /* Pursuit App StoreTests */ = {
			isa = PBXGroup;
			children = (
				85EBCD582311CC4100DD5A5F /* Pursuit_App_StoreTests.swift */,
				85EBCD5A2311CC4100DD5A5F /* Info.plist */,
			);
			path = "Pursuit App StoreTests";
			sourceTree = "<group>";
		};
		85EBCD622311CC4100DD5A5F /* Pursuit App StoreUITests */ = {
			isa = PBXGroup;
			children = (
				85EBCD632311CC4100DD5A5F /* Pursuit_App_StoreUITests.swift */,
				85EBCD652311CC4100DD5A5F /* Info.plist */,
			);
			path = "Pursuit App StoreUITests";
			sourceTree = "<group>";
		};
/* End PBXGroup section */

/* Begin PBXNativeTarget section */
		85EBCD3F2311CC3F00DD5A5F /* Pursuit App Store */ = {
			isa = PBXNativeTarget;
			buildConfigurationList = 85EBCD682311CC4100DD5A5F /* Build configuration list for PBXNativeTarget "Pursuit App Store" */;
			buildPhases = (
				85EBCD3C2311CC3F00DD5A5F /* Sources */,
				85EBCD3D2311CC3F00DD5A5F /* Frameworks */,
				85EBCD3E2311CC3F00DD5A5F /* Resources */,
			);
			buildRules = (
			);
			dependencies = (
			);
			name = "Pursuit App Store";
			productName = "Pursuit App Store";
			productReference = 85EBCD402311CC3F00DD5A5F /* Pursuit App Store.app */;
			productType = "com.apple.product-type.application";
		};
		85EBCD532311CC4100DD5A5F /* Pursuit App StoreTests */ = {
			isa = PBXNativeTarget;
			buildConfigurationList = 85EBCD6B2311CC4100DD5A5F /* Build configuration list for PBXNativeTarget "Pursuit App StoreTests" */;
			buildPhases = (
				85EBCD502311CC4100DD5A5F /* Sources */,
				85EBCD512311CC4100DD5A5F /* Frameworks */,
				85EBCD522311CC4100DD5A5F /* Resources */,
			);
			buildRules = (
			);
			dependencies = (
				85EBCD562311CC4100DD5A5F /* PBXTargetDependency */,
			);
			name = "Pursuit App StoreTests";
			productName = "Pursuit App StoreTests";
			productReference = 85EBCD542311CC4100DD5A5F /* Pursuit App StoreTests.xctest */;
			productType = "com.apple.product-type.bundle.unit-test";
		};
		85EBCD5E2311CC4100DD5A5F /* Pursuit App StoreUITests */ = {
			isa = PBXNativeTarget;
			buildConfigurationList = 85EBCD6E2311CC4100DD5A5F /* Build configuration list for PBXNativeTarget "Pursuit App StoreUITests" */;
			buildPhases = (
				85EBCD5B2311CC4100DD5A5F /* Sources */,
				85EBCD5C2311CC4100DD5A5F /* Frameworks */,
				85EBCD5D2311CC4100DD5A5F /* Resources */,
			);
			buildRules = (
			);
			dependencies = (
				85EBCD612311CC4100DD5A5F /* PBXTargetDependency */,
			);
			name = "Pursuit App StoreUITests";
			productName = "Pursuit App StoreUITests";
			productReference = 85EBCD5F2311CC4100DD5A5F /* Pursuit App StoreUITests.xctest */;
			productType = "com.apple.product-type.bundle.ui-testing";
		};
/* End PBXNativeTarget section */

/* Begin PBXProject section */
		85EBCD382311CC3F00DD5A5F /* Project object */ = {
			isa = PBXProject;
			attributes = {
				LastSwiftUpdateCheck = 1020;
				LastUpgradeCheck = 1020;
				ORGANIZATIONNAME = "Mr Wonderful";
				TargetAttributes = {
					85EBCD3F2311CC3F00DD5A5F = {
						CreatedOnToolsVersion = 10.2.1;
					};
					85EBCD532311CC4100DD5A5F = {
						CreatedOnToolsVersion = 10.2.1;
						TestTargetID = 85EBCD3F2311CC3F00DD5A5F;
					};
					85EBCD5E2311CC4100DD5A5F = {
						CreatedOnToolsVersion = 10.2.1;
						TestTargetID = 85EBCD3F2311CC3F00DD5A5F;
					};
				};
			};
			buildConfigurationList = 85EBCD3B2311CC3F00DD5A5F /* Build configuration list for PBXProject "Pursuit App Store" */;
			compatibilityVersion = "Xcode 9.3";
			developmentRegion = en;
			hasScannedForEncodings = 0;
			knownRegions = (
				en,
				Base,
			);
			mainGroup = 85EBCD372311CC3F00DD5A5F;
			productRefGroup = 85EBCD412311CC3F00DD5A5F /* Products */;
			projectDirPath = "";
			projectRoot = "";
			targets = (
				85EBCD3F2311CC3F00DD5A5F /* Pursuit App Store */,
				85EBCD532311CC4100DD5A5F /* Pursuit App StoreTests */,
				85EBCD5E2311CC4100DD5A5F /* Pursuit App StoreUITests */,
			);
		};
/* End PBXProject section */

/* Begin PBXResourcesBuildPhase section */
		85EBCD3E2311CC3F00DD5A5F /* Resources */ = {
			isa = PBXResourcesBuildPhase;
			buildActionMask = 2147483647;
			files = (
				85EBCD4E2311CC4100DD5A5F /* LaunchScreen.storyboard in Resources */,
				85EBCD4B2311CC4100DD5A5F /* Assets.xcassets in Resources */,
			);
			runOnlyForDeploymentPostprocessing = 0;
		};
		85EBCD522311CC4100DD5A5F /* Resources */ = {
			isa = PBXResourcesBuildPhase;
			buildActionMask = 2147483647;
			files = (
			);
			runOnlyForDeploymentPostprocessing = 0;
		};
		85EBCD5D2311CC4100DD5A5F /* Resources */ = {
			isa = PBXResourcesBuildPhase;
			buildActionMask = 2147483647;
			files = (
			);
			runOnlyForDeploymentPostprocessing = 0;
		};
/* End PBXResourcesBuildPhase section */

/* Begin PBXSourcesBuildPhase section */
		85EBCD3C2311CC3F00DD5A5F /* Sources */ = {
			isa = PBXSourcesBuildPhase;
			buildActionMask = 2147483647;
			files = (
				85EBCD462311CC3F00DD5A5F /* ViewController.swift in Sources */,
				85EBCD722311CC7600DD5A5F /* loginView.swift in Sources */,
				85EBCD442311CC3F00DD5A5F /* AppDelegate.swift in Sources */,
			);
			runOnlyForDeploymentPostprocessing = 0;
		};
		85EBCD502311CC4100DD5A5F /* Sources */ = {
			isa = PBXSourcesBuildPhase;
			buildActionMask = 2147483647;
			files = (
				85EBCD592311CC4100DD5A5F /* Pursuit_App_StoreTests.swift in Sources */,
			);
			runOnlyForDeploymentPostprocessing = 0;
		};
		85EBCD5B2311CC4100DD5A5F /* Sources */ = {
			isa = PBXSourcesBuildPhase;
			buildActionMask = 2147483647;
			files = (
				85EBCD642311CC4100DD5A5F /* Pursuit_App_StoreUITests.swift in Sources */,
			);
			runOnlyForDeploymentPostprocessing = 0;
		};
/* End PBXSourcesBuildPhase section */

/* Begin PBXTargetDependency section */
		85EBCD562311CC4100DD5A5F /* PBXTargetDependency */ = {
			isa = PBXTargetDependency;
			target = 85EBCD3F2311CC3F00DD5A5F /* Pursuit App Store */;
			targetProxy = 85EBCD552311CC4100DD5A5F /* PBXContainerItemProxy */;
		};
		85EBCD612311CC4100DD5A5F /* PBXTargetDependency */ = {
			isa = PBXTargetDependency;
			target = 85EBCD3F2311CC3F00DD5A5F /* Pursuit App Store */;
			targetProxy = 85EBCD602311CC4100DD5A5F /* PBXContainerItemProxy */;
		};
/* End PBXTargetDependency section */

/* Begin PBXVariantGroup section */
		85EBCD4C2311CC4100DD5A5F /* LaunchScreen.storyboard */ = {
			isa = PBXVariantGroup;
			children = (
				85EBCD4D2311CC4100DD5A5F /* Base */,
			);
			name = LaunchScreen.storyboard;
			sourceTree = "<group>";
		};
/* End PBXVariantGroup section */

/* Begin XCBuildConfiguration section */
		85EBCD662311CC4100DD5A5F /* Debug */ = {
			isa = XCBuildConfiguration;
			buildSettings = {
				ALWAYS_SEARCH_USER_PATHS = NO;
				CLANG_ANALYZER_NONNULL = YES;
				CLANG_ANALYZER_NUMBER_OBJECT_CONVERSION = YES_AGGRESSIVE;
				CLANG_CXX_LANGUAGE_STANDARD = "gnu++14";
				CLANG_CXX_LIBRARY = "libc++";
				CLANG_ENABLE_MODULES = YES;
				CLANG_ENABLE_OBJC_ARC = YES;
				CLANG_ENABLE_OBJC_WEAK = YES;
				CLANG_WARN_BLOCK_CAPTURE_AUTORELEASING = YES;
				CLANG_WARN_BOOL_CONVERSION = YES;
				CLANG_WARN_COMMA = YES;
				CLANG_WARN_CONSTANT_CONVERSION = YES;
				CLANG_WARN_DEPRECATED_OBJC_IMPLEMENTATIONS = YES;
				CLANG_WARN_DIRECT_OBJC_ISA_USAGE = YES_ERROR;
				CLANG_WARN_DOCUMENTATION_COMMENTS = YES;
				CLANG_WARN_EMPTY_BODY = YES;
				CLANG_WARN_ENUM_CONVERSION = YES;
				CLANG_WARN_INFINITE_RECURSION = YES;
				CLANG_WARN_INT_CONVERSION = YES;
				CLANG_WARN_NON_LITERAL_NULL_CONVERSION = YES;
				CLANG_WARN_OBJC_IMPLICIT_RETAIN_SELF = YES;
				CLANG_WARN_OBJC_LITERAL_CONVERSION = YES;
				CLANG_WARN_OBJC_ROOT_CLASS = YES_ERROR;
				CLANG_WARN_RANGE_LOOP_ANALYSIS = YES;
				CLANG_WARN_STRICT_PROTOTYPES = YES;
				CLANG_WARN_SUSPICIOUS_MOVE = YES;
				CLANG_WARN_UNGUARDED_AVAILABILITY = YES_AGGRESSIVE;
				CLANG_WARN_UNREACHABLE_CODE = YES;
				CLANG_WARN__DUPLICATE_METHOD_MATCH = YES;
				CODE_SIGN_IDENTITY = "iPhone Developer";
				COPY_PHASE_STRIP = NO;
				DEBUG_INFORMATION_FORMAT = dwarf;
				ENABLE_STRICT_OBJC_MSGSEND = YES;
				ENABLE_TESTABILITY = YES;
				GCC_C_LANGUAGE_STANDARD = gnu11;
				GCC_DYNAMIC_NO_PIC = NO;
				GCC_NO_COMMON_BLOCKS = YES;
				GCC_OPTIMIZATION_LEVEL = 0;
				GCC_PREPROCESSOR_DEFINITIONS = (
					"DEBUG=1",
					"$(inherited)",
				);
				GCC_WARN_64_TO_32_BIT_CONVERSION = YES;
				GCC_WARN_ABOUT_RETURN_TYPE = YES_ERROR;
				GCC_WARN_UNDECLARED_SELECTOR = YES;
				GCC_WARN_UNINITIALIZED_AUTOS = YES_AGGRESSIVE;
				GCC_WARN_UNUSED_FUNCTION = YES;
				GCC_WARN_UNUSED_VARIABLE = YES;
				IPHONEOS_DEPLOYMENT_TARGET = 12.2;
				MTL_ENABLE_DEBUG_INFO = INCLUDE_SOURCE;
				MTL_FAST_MATH = YES;
				ONLY_ACTIVE_ARCH = YES;
				SDKROOT = iphoneos;
				SWIFT_ACTIVE_COMPILATION_CONDITIONS = DEBUG;
				SWIFT_OPTIMIZATION_LEVEL = "-Onone";
			};
			name = Debug;
		};
		85EBCD672311CC4100DD5A5F /* Release */ = {
			isa = XCBuildConfiguration;
			buildSettings = {
				ALWAYS_SEARCH_USER_PATHS = NO;
				CLANG_ANALYZER_NONNULL = YES;
				CLANG_ANALYZER_NUMBER_OBJECT_CONVERSION = YES_AGGRESSIVE;
				CLANG_CXX_LANGUAGE_STANDARD = "gnu++14";
				CLANG_CXX_LIBRARY = "libc++";
				CLANG_ENABLE_MODULES = YES;
				CLANG_ENABLE_OBJC_ARC = YES;
				CLANG_ENABLE_OBJC_WEAK = YES;
				CLANG_WARN_BLOCK_CAPTURE_AUTORELEASING = YES;
				CLANG_WARN_BOOL_CONVERSION = YES;
				CLANG_WARN_COMMA = YES;
				CLANG_WARN_CONSTANT_CONVERSION = YES;
				CLANG_WARN_DEPRECATED_OBJC_IMPLEMENTATIONS = YES;
				CLANG_WARN_DIRECT_OBJC_ISA_USAGE = YES_ERROR;
				CLANG_WARN_DOCUMENTATION_COMMENTS = YES;
				CLANG_WARN_EMPTY_BODY = YES;
				CLANG_WARN_ENUM_CONVERSION = YES;
				CLANG_WARN_INFINITE_RECURSION = YES;
				CLANG_WARN_INT_CONVERSION = YES;
				CLANG_WARN_NON_LITERAL_NULL_CONVERSION = YES;
				CLANG_WARN_OBJC_IMPLICIT_RETAIN_SELF = YES;
				CLANG_WARN_OBJC_LITERAL_CONVERSION = YES;
				CLANG_WARN_OBJC_ROOT_CLASS = YES_ERROR;
				CLANG_WARN_RANGE_LOOP_ANALYSIS = YES;
				CLANG_WARN_STRICT_PROTOTYPES = YES;
				CLANG_WARN_SUSPICIOUS_MOVE = YES;
				CLANG_WARN_UNGUARDED_AVAILABILITY = YES_AGGRESSIVE;
				CLANG_WARN_UNREACHABLE_CODE = YES;
				CLANG_WARN__DUPLICATE_METHOD_MATCH = YES;
				CODE_SIGN_IDENTITY = "iPhone Developer";
				COPY_PHASE_STRIP = NO;
				DEBUG_INFORMATION_FORMAT = "dwarf-with-dsym";
				ENABLE_NS_ASSERTIONS = NO;
				ENABLE_STRICT_OBJC_MSGSEND = YES;
				GCC_C_LANGUAGE_STANDARD = gnu11;
				GCC_NO_COMMON_BLOCKS = YES;
				GCC_WARN_64_TO_32_BIT_CONVERSION = YES;
				GCC_WARN_ABOUT_RETURN_TYPE = YES_ERROR;
				GCC_WARN_UNDECLARED_SELECTOR = YES;
				GCC_WARN_UNINITIALIZED_AUTOS = YES_AGGRESSIVE;
				GCC_WARN_UNUSED_FUNCTION = YES;
				GCC_WARN_UNUSED_VARIABLE = YES;
				IPHONEOS_DEPLOYMENT_TARGET = 12.2;
				MTL_ENABLE_DEBUG_INFO = NO;
				MTL_FAST_MATH = YES;
				SDKROOT = iphoneos;
				SWIFT_COMPILATION_MODE = wholemodule;
				SWIFT_OPTIMIZATION_LEVEL = "-O";
				VALIDATE_PRODUCT = YES;
			};
			name = Release;
		};
		85EBCD692311CC4100DD5A5F /* Debug */ = {
			isa = XCBuildConfiguration;
			buildSettings = {
				ASSETCATALOG_COMPILER_APPICON_NAME = AppIcon;
				CODE_SIGN_STYLE = Automatic;
				INFOPLIST_FILE = "Pursuit App Store/Info.plist";
				LD_RUNPATH_SEARCH_PATHS = (
					"$(inherited)",
					"@executable_path/Frameworks",
				);
				PRODUCT_BUNDLE_IDENTIFIER = "myApps.Pursuit-App-Store";
				PRODUCT_NAME = "$(TARGET_NAME)";
				SWIFT_VERSION = 5.0;
				TARGETED_DEVICE_FAMILY = "1,2";
			};
			name = Debug;
		};
		85EBCD6A2311CC4100DD5A5F /* Release */ = {
			isa = XCBuildConfiguration;
			buildSettings = {
				ASSETCATALOG_COMPILER_APPICON_NAME = AppIcon;
				CODE_SIGN_STYLE = Automatic;
				INFOPLIST_FILE = "Pursuit App Store/Info.plist";
				LD_RUNPATH_SEARCH_PATHS = (
					"$(inherited)",
					"@executable_path/Frameworks",
				);
				PRODUCT_BUNDLE_IDENTIFIER = "myApps.Pursuit-App-Store";
				PRODUCT_NAME = "$(TARGET_NAME)";
				SWIFT_VERSION = 5.0;
				TARGETED_DEVICE_FAMILY = "1,2";
			};
			name = Release;
		};
		85EBCD6C2311CC4100DD5A5F /* Debug */ = {
			isa = XCBuildConfiguration;
			buildSettings = {
				ALWAYS_EMBED_SWIFT_STANDARD_LIBRARIES = YES;
				BUNDLE_LOADER = "$(TEST_HOST)";
				CODE_SIGN_STYLE = Automatic;
				INFOPLIST_FILE = "Pursuit App StoreTests/Info.plist";
				LD_RUNPATH_SEARCH_PATHS = (
					"$(inherited)",
					"@executable_path/Frameworks",
					"@loader_path/Frameworks",
				);
				PRODUCT_BUNDLE_IDENTIFIER = "myApps.Pursuit-App-StoreTests";
				PRODUCT_NAME = "$(TARGET_NAME)";
				SWIFT_VERSION = 5.0;
				TARGETED_DEVICE_FAMILY = "1,2";
				TEST_HOST = "$(BUILT_PRODUCTS_DIR)/Pursuit App Store.app/Pursuit App Store";
			};
			name = Debug;
		};
		85EBCD6D2311CC4100DD5A5F /* Release */ = {
			isa = XCBuildConfiguration;
			buildSettings = {
				ALWAYS_EMBED_SWIFT_STANDARD_LIBRARIES = YES;
				BUNDLE_LOADER = "$(TEST_HOST)";
				CODE_SIGN_STYLE = Automatic;
				INFOPLIST_FILE = "Pursuit App StoreTests/Info.plist";
				LD_RUNPATH_SEARCH_PATHS = (
					"$(inherited)",
					"@executable_path/Frameworks",
					"@loader_path/Frameworks",
				);
				PRODUCT_BUNDLE_IDENTIFIER = "myApps.Pursuit-App-StoreTests";
				PRODUCT_NAME = "$(TARGET_NAME)";
				SWIFT_VERSION = 5.0;
				TARGETED_DEVICE_FAMILY = "1,2";
				TEST_HOST = "$(BUILT_PRODUCTS_DIR)/Pursuit App Store.app/Pursuit App Store";
			};
			name = Release;
		};
		85EBCD6F2311CC4100DD5A5F /* Debug */ = {
			isa = XCBuildConfiguration;
			buildSettings = {
				ALWAYS_EMBED_SWIFT_STANDARD_LIBRARIES = YES;
				CODE_SIGN_STYLE = Automatic;
				INFOPLIST_FILE = "Pursuit App StoreUITests/Info.plist";
				LD_RUNPATH_SEARCH_PATHS = (
					"$(inherited)",
					"@executable_path/Frameworks",
					"@loader_path/Frameworks",
				);
				PRODUCT_BUNDLE_IDENTIFIER = "myApps.Pursuit-App-StoreUITests";
				PRODUCT_NAME = "$(TARGET_NAME)";
				SWIFT_VERSION = 5.0;
				TARGETED_DEVICE_FAMILY = "1,2";
				TEST_TARGET_NAME = "Pursuit App Store";
			};
			name = Debug;
		};
		85EBCD702311CC4100DD5A5F /* Release */ = {
			isa = XCBuildConfiguration;
			buildSettings = {
				ALWAYS_EMBED_SWIFT_STANDARD_LIBRARIES = YES;
				CODE_SIGN_STYLE = Automatic;
				INFOPLIST_FILE = "Pursuit App StoreUITests/Info.plist";
				LD_RUNPATH_SEARCH_PATHS = (
					"$(inherited)",
					"@executable_path/Frameworks",
					"@loader_path/Frameworks",
				);
				PRODUCT_BUNDLE_IDENTIFIER = "myApps.Pursuit-App-StoreUITests";
				PRODUCT_NAME = "$(TARGET_NAME)";
				SWIFT_VERSION = 5.0;
				TARGETED_DEVICE_FAMILY = "1,2";
				TEST_TARGET_NAME = "Pursuit App Store";
			};
			name = Release;
		};
/* End XCBuildConfiguration section */

/* Begin XCConfigurationList section */
		85EBCD3B2311CC3F00DD5A5F /* Build configuration list for PBXProject "Pursuit App Store" */ = {
			isa = XCConfigurationList;
			buildConfigurations = (
				85EBCD662311CC4100DD5A5F /* Debug */,
				85EBCD672311CC4100DD5A5F /* Release */,
			);
			defaultConfigurationIsVisible = 0;
			defaultConfigurationName = Release;
		};
		85EBCD682311CC4100DD5A5F /* Build configuration list for PBXNativeTarget "Pursuit App Store" */ = {
			isa = XCConfigurationList;
			buildConfigurations = (
				85EBCD692311CC4100DD5A5F /* Debug */,
				85EBCD6A2311CC4100DD5A5F /* Release */,
			);
			defaultConfigurationIsVisible = 0;
			defaultConfigurationName = Release;
		};
		85EBCD6B2311CC4100DD5A5F /* Build configuration list for PBXNativeTarget "Pursuit App StoreTests" */ = {
			isa = XCConfigurationList;
			buildConfigurations = (
				85EBCD6C2311CC4100DD5A5F /* Debug */,
				85EBCD6D2311CC4100DD5A5F /* Release */,
			);
			defaultConfigurationIsVisible = 0;
			defaultConfigurationName = Release;
		};
		85EBCD6E2311CC4100DD5A5F /* Build configuration list for PBXNativeTarget "Pursuit App StoreUITests" */ = {
			isa = XCConfigurationList;
			buildConfigurations = (
				85EBCD6F2311CC4100DD5A5F /* Debug */,
				85EBCD702311CC4100DD5A5F /* Release */,
			);
			defaultConfigurationIsVisible = 0;
			defaultConfigurationName = Release;
		};
/* End XCConfigurationList section */
	};
	rootObject = 85EBCD382311CC3F00DD5A5F /* Project object */;
}
